// !$*UTF8*$!
{
	archiveVersion = 1;
	classes = {
	};
	objectVersion = 50;
	objects = {

/* Begin PBXBuildFile section */
		374531F7243E240B006368E5 /* Employee.swift in Sources */ = {isa = PBXBuildFile; fileRef = 374531F6243E240B006368E5 /* Employee.swift */; };
		37A13E6E2440D644002463CD /* EmployeeHTTPTests.swift in Sources */ = {isa = PBXBuildFile; fileRef = 37A13E6D2440D644002463CD /* EmployeeHTTPTests.swift */; };
		37A13E6F2440DF6D002463CD /* Employee.swift in Sources */ = {isa = PBXBuildFile; fileRef = 374531F6243E240B006368E5 /* Employee.swift */; };
		37BB5544243CD44600AD87F8 /* AppDelegate.swift in Sources */ = {isa = PBXBuildFile; fileRef = 37BB5543243CD44600AD87F8 /* AppDelegate.swift */; };
		37BB5546243CD44600AD87F8 /* SceneDelegate.swift in Sources */ = {isa = PBXBuildFile; fileRef = 37BB5545243CD44600AD87F8 /* SceneDelegate.swift */; };
		37BB5548243CD44600AD87F8 /* ViewController.swift in Sources */ = {isa = PBXBuildFile; fileRef = 37BB5547243CD44600AD87F8 /* ViewController.swift */; };
		37BB554B243CD44600AD87F8 /* Main.storyboard in Resources */ = {isa = PBXBuildFile; fileRef = 37BB5549243CD44600AD87F8 /* Main.storyboard */; };
		37BB554D243CD44600AD87F8 /* Assets.xcassets in Resources */ = {isa = PBXBuildFile; fileRef = 37BB554C243CD44600AD87F8 /* Assets.xcassets */; };
		37BB5550243CD44600AD87F8 /* LaunchScreen.storyboard in Resources */ = {isa = PBXBuildFile; fileRef = 37BB554E243CD44600AD87F8 /* LaunchScreen.storyboard */; };
		37BB555B243CD44700AD87F8 /* EmployeeExampleTests.swift in Sources */ = {isa = PBXBuildFile; fileRef = 37BB555A243CD44700AD87F8 /* EmployeeExampleTests.swift */; };
/* End PBXBuildFile section */

/* Begin PBXContainerItemProxy section */
		37BB5557243CD44700AD87F8 /* PBXContainerItemProxy */ = {
			isa = PBXContainerItemProxy;
			containerPortal = 37BB5538243CD44600AD87F8 /* Project object */;
			proxyType = 1;
			remoteGlobalIDString = 37BB553F243CD44600AD87F8;
			remoteInfo = EmployeeExample;
		};
/* End PBXContainerItemProxy section */

/* Begin PBXFileReference section */
		374531F6243E240B006368E5 /* Employee.swift */ = {isa = PBXFileReference; lastKnownFileType = sourcecode.swift; path = Employee.swift; sourceTree = "<group>"; };
		37A13E6D2440D644002463CD /* EmployeeHTTPTests.swift */ = {isa = PBXFileReference; lastKnownFileType = sourcecode.swift; path = EmployeeHTTPTests.swift; sourceTree = "<group>"; };
		37BB5540243CD44600AD87F8 /* EmployeeExample.app */ = {isa = PBXFileReference; explicitFileType = wrapper.application; includeInIndex = 0; path = EmployeeExample.app; sourceTree = BUILT_PRODUCTS_DIR; };
		37BB5543243CD44600AD87F8 /* AppDelegate.swift */ = {isa = PBXFileReference; lastKnownFileType = sourcecode.swift; path = AppDelegate.swift; sourceTree = "<group>"; };
		37BB5545243CD44600AD87F8 /* SceneDelegate.swift */ = {isa = PBXFileReference; lastKnownFileType = sourcecode.swift; path = SceneDelegate.swift; sourceTree = "<group>"; };
		37BB5547243CD44600AD87F8 /* ViewController.swift */ = {isa = PBXFileReference; lastKnownFileType = sourcecode.swift; path = ViewController.swift; sourceTree = "<group>"; };
		37BB554A243CD44600AD87F8 /* Base */ = {isa = PBXFileReference; lastKnownFileType = file.storyboard; name = Base; path = Base.lproj/Main.storyboard; sourceTree = "<group>"; };
		37BB554C243CD44600AD87F8 /* Assets.xcassets */ = {isa = PBXFileReference; lastKnownFileType = folder.assetcatalog; path = Assets.xcassets; sourceTree = "<group>"; };
		37BB554F243CD44600AD87F8 /* Base */ = {isa = PBXFileReference; lastKnownFileType = file.storyboard; name = Base; path = Base.lproj/LaunchScreen.storyboard; sourceTree = "<group>"; };
		37BB5551243CD44600AD87F8 /* Info.plist */ = {isa = PBXFileReference; lastKnownFileType = text.plist.xml; path = Info.plist; sourceTree = "<group>"; };
		37BB5556243CD44700AD87F8 /* EmployeeExampleTests.xctest */ = {isa = PBXFileReference; explicitFileType = wrapper.cfbundle; includeInIndex = 0; path = EmployeeExampleTests.xctest; sourceTree = BUILT_PRODUCTS_DIR; };
		37BB555A243CD44700AD87F8 /* EmployeeExampleTests.swift */ = {isa = PBXFileReference; lastKnownFileType = sourcecode.swift; path = EmployeeExampleTests.swift; sourceTree = "<group>"; };
		37BB555C243CD44700AD87F8 /* Info.plist */ = {isa = PBXFileReference; lastKnownFileType = text.plist.xml; path = Info.plist; sourceTree = "<group>"; };
/* End PBXFileReference section */

/* Begin PBXFrameworksBuildPhase section */
		37BB553D243CD44600AD87F8 /* Frameworks */ = {
			isa = PBXFrameworksBuildPhase;
			buildActionMask = 2147483647;
			files = (
			);
			runOnlyForDeploymentPostprocessing = 0;
		};
		37BB5553243CD44700AD87F8 /* Frameworks */ = {
			isa = PBXFrameworksBuildPhase;
			buildActionMask = 2147483647;
			files = (
			);
			runOnlyForDeploymentPostprocessing = 0;
		};
/* End PBXFrameworksBuildPhase section */

/* Begin PBXGroup section */
		37BB5537243CD44600AD87F8 = {
			isa = PBXGroup;
			children = (
				37BB5542243CD44600AD87F8 /* EmployeeExample */,
				37BB5559243CD44700AD87F8 /* EmployeeExampleTests */,
				37BB5541243CD44600AD87F8 /* Products */,
			);
			sourceTree = "<group>";
		};
		37BB5541243CD44600AD87F8 /* Products */ = {
			isa = PBXGroup;
			children = (
				37BB5540243CD44600AD87F8 /* EmployeeExample.app */,
				37BB5556243CD44700AD87F8 /* EmployeeExampleTests.xctest */,
			);
			name = Products;
			sourceTree = "<group>";
		};
		37BB5542243CD44600AD87F8 /* EmployeeExample */ = {
			isa = PBXGroup;
			children = (
				37BB5543243CD44600AD87F8 /* AppDelegate.swift */,
				37BB5545243CD44600AD87F8 /* SceneDelegate.swift */,
				37BB5547243CD44600AD87F8 /* ViewController.swift */,
				37BB5549243CD44600AD87F8 /* Main.storyboard */,
				37BB554C243CD44600AD87F8 /* Assets.xcassets */,
				37BB554E243CD44600AD87F8 /* LaunchScreen.storyboard */,
				37BB5551243CD44600AD87F8 /* Info.plist */,
				374531F6243E240B006368E5 /* Employee.swift */,
			);
			path = EmployeeExample;
			sourceTree = "<group>";
		};
		37BB5559243CD44700AD87F8 /* EmployeeExampleTests */ = {
			isa = PBXGroup;
			children = (
				37BB555A243CD44700AD87F8 /* EmployeeExampleTests.swift */,
				37A13E6D2440D644002463CD /* EmployeeHTTPTests.swift */,
				37BB555C243CD44700AD87F8 /* Info.plist */,
			);
			path = EmployeeExampleTests;
			sourceTree = "<group>";
		};
/* End PBXGroup section */

/* Begin PBXNativeTarget section */
		37BB553F243CD44600AD87F8 /* EmployeeExample */ = {
			isa = PBXNativeTarget;
			buildConfigurationList = 37BB555F243CD44700AD87F8 /* Build configuration list for PBXNativeTarget "EmployeeExample" */;
			buildPhases = (
				37BB553C243CD44600AD87F8 /* Sources */,
				37BB553D243CD44600AD87F8 /* Frameworks */,
				37BB553E243CD44600AD87F8 /* Resources */,
			);
			buildRules = (
			);
			dependencies = (
			);
			name = EmployeeExample;
			productName = EmployeeExample;
			productReference = 37BB5540243CD44600AD87F8 /* EmployeeExample.app */;
			productType = "com.apple.product-type.application";
		};
		37BB5555243CD44700AD87F8 /* EmployeeExampleTests */ = {
			isa = PBXNativeTarget;
			buildConfigurationList = 37BB5562243CD44700AD87F8 /* Build configuration list for PBXNativeTarget "EmployeeExampleTests" */;
			buildPhases = (
				37BB5552243CD44700AD87F8 /* Sources */,
				37BB5553243CD44700AD87F8 /* Frameworks */,
				37BB5554243CD44700AD87F8 /* Resources */,
			);
			buildRules = (
			);
			dependencies = (
				37BB5558243CD44700AD87F8 /* PBXTargetDependency */,
			);
			name = EmployeeExampleTests;
			productName = EmployeeExampleTests;
			productReference = 37BB5556243CD44700AD87F8 /* EmployeeExampleTests.xctest */;
			productType = "com.apple.product-type.bundle.unit-test";
		};
/* End PBXNativeTarget section */

/* Begin PBXProject section */
		37BB5538243CD44600AD87F8 /* Project object */ = {
			isa = PBXProject;
			attributes = {
				LastSwiftUpdateCheck = 1140;
				LastUpgradeCheck = 1140;
				ORGANIZATIONNAME = "Gregor Schwake";
				TargetAttributes = {
					37BB553F243CD44600AD87F8 = {
						CreatedOnToolsVersion = 11.4;
					};
					37BB5555243CD44700AD87F8 = {
						CreatedOnToolsVersion = 11.4;
						TestTargetID = 37BB553F243CD44600AD87F8;
					};
				};
			};
			buildConfigurationList = 37BB553B243CD44600AD87F8 /* Build configuration list for PBXProject "EmployeeExample" */;
			compatibilityVersion = "Xcode 9.3";
			developmentRegion = en;
			hasScannedForEncodings = 0;
			knownRegions = (
				en,
				Base,
			);
			mainGroup = 37BB5537243CD44600AD87F8;
			productRefGroup = 37BB5541243CD44600AD87F8 /* Products */;
			projectDirPath = "";
			projectRoot = "";
			targets = (
				37BB553F243CD44600AD87F8 /* EmployeeExample */,
				37BB5555243CD44700AD87F8 /* EmployeeExampleTests */,
			);
		};
/* End PBXProject section */

/* Begin PBXResourcesBuildPhase section */
		37BB553E243CD44600AD87F8 /* Resources */ = {
			isa = PBXResourcesBuildPhase;
			buildActionMask = 2147483647;
			files = (
				37BB5550243CD44600AD87F8 /* LaunchScreen.storyboard in Resources */,
				37BB554D243CD44600AD87F8 /* Assets.xcassets in Resources */,
				37BB554B243CD44600AD87F8 /* Main.storyboard in Resources */,
			);
			runOnlyForDeploymentPostprocessing = 0;
		};
		37BB5554243CD44700AD87F8 /* Resources */ = {
			isa = PBXResourcesBuildPhase;
			buildActionMask = 2147483647;
			files = (
			);
			runOnlyForDeploymentPostprocessing = 0;
		};
/* End PBXResourcesBuildPhase section */

/* Begin PBXSourcesBuildPhase section */
		37BB553C243CD44600AD87F8 /* Sources */ = {
			isa = PBXSourcesBuildPhase;
			buildActionMask = 2147483647;
			files = (
				37BB5548243CD44600AD87F8 /* ViewController.swift in Sources */,
				374531F7243E240B006368E5 /* Employee.swift in Sources */,
				37BB5544243CD44600AD87F8 /* AppDelegate.swift in Sources */,
				37BB5546243CD44600AD87F8 /* SceneDelegate.swift in Sources */,
			);
			runOnlyForDeploymentPostprocessing = 0;
		};
		37BB5552243CD44700AD87F8 /* Sources */ = {
			isa = PBXSourcesBuildPhase;
			buildActionMask = 2147483647;
			files = (
				37BB555B243CD44700AD87F8 /* EmployeeExampleTests.swift in Sources */,
				37A13E6F2440DF6D002463CD /* Employee.swift in Sources */,
				37A13E6E2440D644002463CD /* EmployeeHTTPTests.swift in Sources */,
			);
			runOnlyForDeploymentPostprocessing = 0;
		};
/* End PBXSourcesBuildPhase section */

/* Begin PBXTargetDependency section */
		37BB5558243CD44700AD87F8 /* PBXTargetDependency */ = {
			isa = PBXTargetDependency;
			target = 37BB553F243CD44600AD87F8 /* EmployeeExample */;
			targetProxy = 37BB5557243CD44700AD87F8 /* PBXContainerItemProxy */;
		};
/* End PBXTargetDependency section */

/* Begin PBXVariantGroup section */
		37BB5549243CD44600AD87F8 /* Main.storyboard */ = {
			isa = PBXVariantGroup;
			children = (
				37BB554A243CD44600AD87F8 /* Base */,
			);
			name = Main.storyboard;
			sourceTree = "<group>";
		};
		37BB554E243CD44600AD87F8 /* LaunchScreen.storyboard */ = {
			isa = PBXVariantGroup;
			children = (
				37BB554F243CD44600AD87F8 /* Base */,
			);
			name = LaunchScreen.storyboard;
			sourceTree = "<group>";
		};
/* End PBXVariantGroup section */

/* Begin XCBuildConfiguration section */
		37BB555D243CD44700AD87F8 /* Debug */ = {
			isa = XCBuildConfiguration;
			buildSettings = {
				ALWAYS_SEARCH_USER_PATHS = NO;
				CLANG_ANALYZER_NONNULL = YES;
				CLANG_ANALYZER_NUMBER_OBJECT_CONVERSION = YES_AGGRESSIVE;
				CLANG_CXX_LANGUAGE_STANDARD = "gnu++14";
				CLANG_CXX_LIBRARY = "libc++";
				CLANG_ENABLE_MODULES = YES;
				CLANG_ENABLE_OBJC_ARC = YES;
				CLANG_ENABLE_OBJC_WEAK = YES;
				CLANG_WARN_BLOCK_CAPTURE_AUTORELEASING = YES;
				CLANG_WARN_BOOL_CONVERSION = YES;
				CLANG_WARN_COMMA = YES;
				CLANG_WARN_CONSTANT_CONVERSION = YES;
				CLANG_WARN_DEPRECATED_OBJC_IMPLEMENTATIONS = YES;
				CLANG_WARN_DIRECT_OBJC_ISA_USAGE = YES_ERROR;
				CLANG_WARN_DOCUMENTATION_COMMENTS = YES;
				CLANG_WARN_EMPTY_BODY = YES;
				CLANG_WARN_ENUM_CONVERSION = YES;
				CLANG_WARN_INFINITE_RECURSION = YES;
				CLANG_WARN_INT_CONVERSION = YES;
				CLANG_WARN_NON_LITERAL_NULL_CONVERSION = YES;
				CLANG_WARN_OBJC_IMPLICIT_RETAIN_SELF = YES;
				CLANG_WARN_OBJC_LITERAL_CONVERSION = YES;
				CLANG_WARN_OBJC_ROOT_CLASS = YES_ERROR;
				CLANG_WARN_RANGE_LOOP_ANALYSIS = YES;
				CLANG_WARN_STRICT_PROTOTYPES = YES;
				CLANG_WARN_SUSPICIOUS_MOVE = YES;
				CLANG_WARN_UNGUARDED_AVAILABILITY = YES_AGGRESSIVE;
				CLANG_WARN_UNREACHABLE_CODE = YES;
				CLANG_WARN__DUPLICATE_METHOD_MATCH = YES;
				COPY_PHASE_STRIP = NO;
				DEBUG_INFORMATION_FORMAT = dwarf;
				ENABLE_STRICT_OBJC_MSGSEND = YES;
				ENABLE_TESTABILITY = YES;
				GCC_C_LANGUAGE_STANDARD = gnu11;
				GCC_DYNAMIC_NO_PIC = NO;
				GCC_NO_COMMON_BLOCKS = YES;
				GCC_OPTIMIZATION_LEVEL = 0;
				GCC_PREPROCESSOR_DEFINITIONS = (
					"DEBUG=1",
					"$(inherited)",
				);
				GCC_WARN_64_TO_32_BIT_CONVERSION = YES;
				GCC_WARN_ABOUT_RETURN_TYPE = YES_ERROR;
				GCC_WARN_UNDECLARED_SELECTOR = YES;
				GCC_WARN_UNINITIALIZED_AUTOS = YES_AGGRESSIVE;
				GCC_WARN_UNUSED_FUNCTION = YES;
				GCC_WARN_UNUSED_VARIABLE = YES;
				IPHONEOS_DEPLOYMENT_TARGET = 13.4;
				MTL_ENABLE_DEBUG_INFO = INCLUDE_SOURCE;
				MTL_FAST_MATH = YES;
				ONLY_ACTIVE_ARCH = YES;
				SDKROOT = iphoneos;
				SWIFT_ACTIVE_COMPILATION_CONDITIONS = DEBUG;
				SWIFT_OPTIMIZATION_LEVEL = "-Onone";
			};
			name = Debug;
		};
		37BB555E243CD44700AD87F8 /* Release */ = {
			isa = XCBuildConfiguration;
			buildSettings = {
				ALWAYS_SEARCH_USER_PATHS = NO;
				CLANG_ANALYZER_NONNULL = YES;
				CLANG_ANALYZER_NUMBER_OBJECT_CONVERSION = YES_AGGRESSIVE;
				CLANG_CXX_LANGUAGE_STANDARD = "gnu++14";
				CLANG_CXX_LIBRARY = "libc++";
				CLANG_ENABLE_MODULES = YES;
				CLANG_ENABLE_OBJC_ARC = YES;
				CLANG_ENABLE_OBJC_WEAK = YES;
				CLANG_WARN_BLOCK_CAPTURE_AUTORELEASING = YES;
				CLANG_WARN_BOOL_CONVERSION = YES;
				CLANG_WARN_COMMA = YES;
				CLANG_WARN_CONSTANT_CONVERSION = YES;
				CLANG_WARN_DEPRECATED_OBJC_IMPLEMENTATIONS = YES;
				CLANG_WARN_DIRECT_OBJC_ISA_USAGE = YES_ERROR;
				CLANG_WARN_DOCUMENTATION_COMMENTS = YES;
				CLANG_WARN_EMPTY_BODY = YES;
				CLANG_WARN_ENUM_CONVERSION = YES;
				CLANG_WARN_INFINITE_RECURSION = YES;
				CLANG_WARN_INT_CONVERSION = YES;
				CLANG_WARN_NON_LITERAL_NULL_CONVERSION = YES;
				CLANG_WARN_OBJC_IMPLICIT_RETAIN_SELF = YES;
				CLANG_WARN_OBJC_LITERAL_CONVERSION = YES;
				CLANG_WARN_OBJC_ROOT_CLASS = YES_ERROR;
				CLANG_WARN_RANGE_LOOP_ANALYSIS = YES;
				CLANG_WARN_STRICT_PROTOTYPES = YES;
				CLANG_WARN_SUSPICIOUS_MOVE = YES;
				CLANG_WARN_UNGUARDED_AVAILABILITY = YES_AGGRESSIVE;
				CLANG_WARN_UNREACHABLE_CODE = YES;
				CLANG_WARN__DUPLICATE_METHOD_MATCH = YES;
				COPY_PHASE_STRIP = NO;
				DEBUG_INFORMATION_FORMAT = "dwarf-with-dsym";
				ENABLE_NS_ASSERTIONS = NO;
				ENABLE_STRICT_OBJC_MSGSEND = YES;
				GCC_C_LANGUAGE_STANDARD = gnu11;
				GCC_NO_COMMON_BLOCKS = YES;
				GCC_WARN_64_TO_32_BIT_CONVERSION = YES;
				GCC_WARN_ABOUT_RETURN_TYPE = YES_ERROR;
				GCC_WARN_UNDECLARED_SELECTOR = YES;
				GCC_WARN_UNINITIALIZED_AUTOS = YES_AGGRESSIVE;
				GCC_WARN_UNUSED_FUNCTION = YES;
				GCC_WARN_UNUSED_VARIABLE = YES;
				IPHONEOS_DEPLOYMENT_TARGET = 13.4;
				MTL_ENABLE_DEBUG_INFO = NO;
				MTL_FAST_MATH = YES;
				SDKROOT = iphoneos;
				SWIFT_COMPILATION_MODE = wholemodule;
				SWIFT_OPTIMIZATION_LEVEL = "-O";
				VALIDATE_PRODUCT = YES;
			};
			name = Release;
		};
		37BB5560243CD44700AD87F8 /* Debug */ = {
			isa = XCBuildConfiguration;
			buildSettings = {
				ASSETCATALOG_COMPILER_APPICON_NAME = AppIcon;
				CODE_SIGN_STYLE = Automatic;
				DEVELOPMENT_TEAM = KH7BD93PMV;
				INFOPLIST_FILE = EmployeeExample/Info.plist;
				LD_RUNPATH_SEARCH_PATHS = (
					"$(inherited)",
					"@executable_path/Frameworks",
				);
				PRODUCT_BUNDLE_IDENTIFIER = nl.fontys.EmployeeExample;
				PRODUCT_NAME = "$(TARGET_NAME)";
				SWIFT_VERSION = 5.0;
				TARGETED_DEVICE_FAMILY = "1,2";
			};
			name = Debug;
		};
		37BB5561243CD44700AD87F8 /* Release */ = {
			isa = XCBuildConfiguration;
			buildSettings = {
				ASSETCATALOG_COMPILER_APPICON_NAME = AppIcon;
				CODE_SIGN_STYLE = Automatic;
				DEVELOPMENT_TEAM = KH7BD93PMV;
				INFOPLIST_FILE = EmployeeExample/Info.plist;
				LD_RUNPATH_SEARCH_PATHS = (
					"$(inherited)",
					"@executable_path/Frameworks",
				);
				PRODUCT_BUNDLE_IDENTIFIER = nl.fontys.EmployeeExample;
				PRODUCT_NAME = "$(TARGET_NAME)";
				SWIFT_VERSION = 5.0;
				TARGETED_DEVICE_FAMILY = "1,2";
			};
			name = Release;
		};
		37BB5563243CD44700AD87F8 /* Debug */ = {
			isa = XCBuildConfiguration;
			buildSettings = {
				ALWAYS_EMBED_SWIFT_STANDARD_LIBRARIES = YES;
				BUNDLE_LOADER = "$(TEST_HOST)";
				CODE_SIGN_STYLE = Automatic;
				DEVELOPMENT_TEAM = KH7BD93PMV;
				INFOPLIST_FILE = EmployeeExampleTests/Info.plist;
				IPHONEOS_DEPLOYMENT_TARGET = 13.4;
				LD_RUNPATH_SEARCH_PATHS = (
					"$(inherited)",
					"@executable_path/Frameworks",
					"@loader_path/Frameworks",
				);
				PRODUCT_BUNDLE_IDENTIFIER = nl.fontys.EmployeeExampleTests;
				PRODUCT_NAME = "$(TARGET_NAME)";
				SWIFT_VERSION = 5.0;
				TARGETED_DEVICE_FAMILY = "1,2";
				TEST_HOST = "$(BUILT_PRODUCTS_DIR)/EmployeeExample.app/EmployeeExample";
			};
			name = Debug;
		};
		37BB5564243CD44700AD87F8 /* Release */ = {
			isa = XCBuildConfiguration;
			buildSettings = {
				ALWAYS_EMBED_SWIFT_STANDARD_LIBRARIES = YES;
				BUNDLE_LOADER = "$(TEST_HOST)";
				CODE_SIGN_STYLE = Automatic;
				DEVELOPMENT_TEAM = KH7BD93PMV;
				INFOPLIST_FILE = EmployeeExampleTests/Info.plist;
				IPHONEOS_DEPLOYMENT_TARGET = 13.4;
				LD_RUNPATH_SEARCH_PATHS = (
					"$(inherited)",
					"@executable_path/Frameworks",
					"@loader_path/Frameworks",
				);
				PRODUCT_BUNDLE_IDENTIFIER = nl.fontys.EmployeeExampleTests;
				PRODUCT_NAME = "$(TARGET_NAME)";
				SWIFT_VERSION = 5.0;
				TARGETED_DEVICE_FAMILY = "1,2";
				TEST_HOST = "$(BUILT_PRODUCTS_DIR)/EmployeeExample.app/EmployeeExample";
			};
			name = Release;
		};
/* End XCBuildConfiguration section */

/* Begin XCConfigurationList section */
		37BB553B243CD44600AD87F8 /* Build configuration list for PBXProject "EmployeeExample" */ = {
			isa = XCConfigurationList;
			buildConfigurations = (
				37BB555D243CD44700AD87F8 /* Debug */,
				37BB555E243CD44700AD87F8 /* Release */,
			);
			defaultConfigurationIsVisible = 0;
			defaultConfigurationName = Release;
		};
		37BB555F243CD44700AD87F8 /* Build configuration list for PBXNativeTarget "EmployeeExample" */ = {
			isa = XCConfigurationList;
			buildConfigurations = (
				37BB5560243CD44700AD87F8 /* Debug */,
				37BB5561243CD44700AD87F8 /* Release */,
			);
			defaultConfigurationIsVisible = 0;
			defaultConfigurationName = Release;
		};
		37BB5562243CD44700AD87F8 /* Build configuration list for PBXNativeTarget "EmployeeExampleTests" */ = {
			isa = XCConfigurationList;
			buildConfigurations = (
				37BB5563243CD44700AD87F8 /* Debug */,
				37BB5564243CD44700AD87F8 /* Release */,
			);
			defaultConfigurationIsVisible = 0;
			defaultConfigurationName = Release;
		};
/* End XCConfigurationList section */
	};
	rootObject = 37BB5538243CD44600AD87F8 /* Project object */;
}
